// !$*UTF8*$!
{
	archiveVersion = 1;
	classes = {
	};
	objectVersion = 46;
	objects = {

/* Begin PBXBuildFile section */
		0026E1AE1D347D5500FC74F4 /* MeViewController.swift in Sources */ = {isa = PBXBuildFile; fileRef = 0026E1AD1D347D5500FC74F4 /* MeViewController.swift */; };
		002B5A3F1D571F79001CE5E5 /* Deal.swift in Sources */ = {isa = PBXBuildFile; fileRef = 002B5A3E1D571F79001CE5E5 /* Deal.swift */; };
		002B5A411D571FFF001CE5E5 /* Offer.swift in Sources */ = {isa = PBXBuildFile; fileRef = 002B5A401D571FFF001CE5E5 /* Offer.swift */; };
		002B5A431D57200C001CE5E5 /* Order.swift in Sources */ = {isa = PBXBuildFile; fileRef = 002B5A421D57200C001CE5E5 /* Order.swift */; };
		002B5A471D5720AB001CE5E5 /* Location.swift in Sources */ = {isa = PBXBuildFile; fileRef = 002B5A461D5720AB001CE5E5 /* Location.swift */; };
		002B5A491D57216E001CE5E5 /* Food.swift in Sources */ = {isa = PBXBuildFile; fileRef = 002B5A481D57216E001CE5E5 /* Food.swift */; };
		002B5A4B1D5721F5001CE5E5 /* Eatery.swift in Sources */ = {isa = PBXBuildFile; fileRef = 002B5A4A1D5721F5001CE5E5 /* Eatery.swift */; };
		002B5A4D1D57235D001CE5E5 /* DealObject.swift in Sources */ = {isa = PBXBuildFile; fileRef = 002B5A4C1D57235D001CE5E5 /* DealObject.swift */; };
		002B5A4F1D57240A001CE5E5 /* HalfDeal.swift in Sources */ = {isa = PBXBuildFile; fileRef = 002B5A4E1D57240A001CE5E5 /* HalfDeal.swift */; };
		002B5A511D57250A001CE5E5 /* HalfDealObject.swift in Sources */ = {isa = PBXBuildFile; fileRef = 002B5A501D57250A001CE5E5 /* HalfDealObject.swift */; };
		002B5A571D572D2C001CE5E5 /* market@2x.png in Resources */ = {isa = PBXBuildFile; fileRef = 002B5A521D572D2C001CE5E5 /* market@2x.png */; };
		002B5A581D572D2C001CE5E5 /* me@2x.png in Resources */ = {isa = PBXBuildFile; fileRef = 002B5A531D572D2C001CE5E5 /* me@2x.png */; };
		002B5A591D572D2C001CE5E5 /* orders@2x.png in Resources */ = {isa = PBXBuildFile; fileRef = 002B5A541D572D2C001CE5E5 /* orders@2x.png */; };
		002B5A5A1D572D2C001CE5E5 /* sell@2x.png in Resources */ = {isa = PBXBuildFile; fileRef = 002B5A551D572D2C001CE5E5 /* sell@2x.png */; };
		002B5A5B1D572D2C001CE5E5 /* buy@2x.png in Resources */ = {isa = PBXBuildFile; fileRef = 002B5A561D572D2C001CE5E5 /* buy@2x.png */; };
		008075CA1D346C2B00D6DEC5 /* AppDelegate.swift in Sources */ = {isa = PBXBuildFile; fileRef = 008075C91D346C2B00D6DEC5 /* AppDelegate.swift */; };
		008075CC1D346C2B00D6DEC5 /* MarketViewController.swift in Sources */ = {isa = PBXBuildFile; fileRef = 008075CB1D346C2B00D6DEC5 /* MarketViewController.swift */; };
		008075CE1D346C2B00D6DEC5 /* BuyViewController.swift in Sources */ = {isa = PBXBuildFile; fileRef = 008075CD1D346C2B00D6DEC5 /* BuyViewController.swift */; };
		008075D11D346C2B00D6DEC5 /* Main.storyboard in Resources */ = {isa = PBXBuildFile; fileRef = 008075CF1D346C2B00D6DEC5 /* Main.storyboard */; };
		008075D31D346C2B00D6DEC5 /* Assets.xcassets in Resources */ = {isa = PBXBuildFile; fileRef = 008075D21D346C2B00D6DEC5 /* Assets.xcassets */; };
		008075D61D346C2B00D6DEC5 /* LaunchScreen.storyboard in Resources */ = {isa = PBXBuildFile; fileRef = 008075D41D346C2B00D6DEC5 /* LaunchScreen.storyboard */; };
		008075DE1D346DEF00D6DEC5 /* GoogleService-Info.plist in Resources */ = {isa = PBXBuildFile; fileRef = 008075DD1D346DEF00D6DEC5 /* GoogleService-Info.plist */; };
		008075E01D34704A00D6DEC5 /* LoginViewController.swift in Sources */ = {isa = PBXBuildFile; fileRef = 008075DF1D34704A00D6DEC5 /* LoginViewController.swift */; };
		008075E31D34710C00D6DEC5 /* AppConstants.swift in Sources */ = {isa = PBXBuildFile; fileRef = 008075E21D34710C00D6DEC5 /* AppConstants.swift */; };
		008076021D3471C500D6DEC5 /* 404.jpg in Resources */ = {isa = PBXBuildFile; fileRef = 008075E51D3471C500D6DEC5 /* 404.jpg */; };
		008076031D3471C500D6DEC5 /* andrews.png in Resources */ = {isa = PBXBuildFile; fileRef = 008075E61D3471C500D6DEC5 /* andrews.png */; };
		008076041D3471C500D6DEC5 /* back.png in Resources */ = {isa = PBXBuildFile; fileRef = 008075E71D3471C500D6DEC5 /* back.png */; };
		008076051D3471C500D6DEC5 /* bg_1.png in Resources */ = {isa = PBXBuildFile; fileRef = 008075E81D3471C500D6DEC5 /* bg_1.png */; };
		008076061D3471C500D6DEC5 /* blueroom.png in Resources */ = {isa = PBXBuildFile; fileRef = 008075E91D3471C500D6DEC5 /* blueroom.png */; };
		008076081D3471C500D6DEC5 /* center_new.jpeg in Resources */ = {isa = PBXBuildFile; fileRef = 008075EB1D3471C500D6DEC5 /* center_new.jpeg */; };
		008076091D3471C500D6DEC5 /* center.png in Resources */ = {isa = PBXBuildFile; fileRef = 008075EC1D3471C500D6DEC5 /* center.png */; };
		0080760A1D3471C500D6DEC5 /* click.png in Resources */ = {isa = PBXBuildFile; fileRef = 008075ED1D3471C500D6DEC5 /* click.png */; };
		0080760B1D3471C500D6DEC5 /* clock.png in Resources */ = {isa = PBXBuildFile; fileRef = 008075EE1D3471C500D6DEC5 /* clock.png */; };
		0080760C1D3471C500D6DEC5 /* confirm.png in Resources */ = {isa = PBXBuildFile; fileRef = 008075EF1D3471C500D6DEC5 /* confirm.png */; };
		0080760D1D3471C500D6DEC5 /* deliver.png in Resources */ = {isa = PBXBuildFile; fileRef = 008075F01D3471C500D6DEC5 /* deliver.png */; };
		0080760E1D3471C500D6DEC5 /* ivyroom.png in Resources */ = {isa = PBXBuildFile; fileRef = 008075F11D3471C500D6DEC5 /* ivyroom.png */; };
		0080760F1D3471C500D6DEC5 /* johs.png in Resources */ = {isa = PBXBuildFile; fileRef = 008075F21D3471C500D6DEC5 /* johs.png */; };
		008076101D3471C500D6DEC5 /* map.png in Resources */ = {isa = PBXBuildFile; fileRef = 008075F31D3471C500D6DEC5 /* map.png */; };
		008076131D3471C500D6DEC5 /* meet.png in Resources */ = {isa = PBXBuildFile; fileRef = 008075F61D3471C500D6DEC5 /* meet.png */; };
		008076141D3471C500D6DEC5 /* north_new.jpeg in Resources */ = {isa = PBXBuildFile; fileRef = 008075F71D3471C500D6DEC5 /* north_new.jpeg */; };
		008076151D3471C500D6DEC5 /* north_new.png in Resources */ = {isa = PBXBuildFile; fileRef = 008075F81D3471C500D6DEC5 /* north_new.png */; };
		008076161D3471C500D6DEC5 /* north.png in Resources */ = {isa = PBXBuildFile; fileRef = 008075F91D3471C500D6DEC5 /* north.png */; };
		008076181D3471C500D6DEC5 /* ratty.png in Resources */ = {isa = PBXBuildFile; fileRef = 008075FB1D3471C500D6DEC5 /* ratty.png */; };
		008076191D3471C500D6DEC5 /* sell_deliver.png in Resources */ = {isa = PBXBuildFile; fileRef = 008075FC1D3471C500D6DEC5 /* sell_deliver.png */; };
		0080761A1D3471C500D6DEC5 /* sell_meet.png in Resources */ = {isa = PBXBuildFile; fileRef = 008075FD1D3471C500D6DEC5 /* sell_meet.png */; };
		0080761C1D3471C500D6DEC5 /* south_new.jpeg in Resources */ = {isa = PBXBuildFile; fileRef = 008075FF1D3471C500D6DEC5 /* south_new.jpeg */; };
		0080761D1D3471C500D6DEC5 /* south.png in Resources */ = {isa = PBXBuildFile; fileRef = 008076001D3471C500D6DEC5 /* south.png */; };
		0080761E1D3471C500D6DEC5 /* vdub.png in Resources */ = {isa = PBXBuildFile; fileRef = 008076011D3471C500D6DEC5 /* vdub.png */; };
		008076211D34780700D6DEC5 /* AppStatus.swift in Sources */ = {isa = PBXBuildFile; fileRef = 008076201D34780700D6DEC5 /* AppStatus.swift */; };
		00F9BB681D56020D00063A9F /* AppUser.swift in Sources */ = {isa = PBXBuildFile; fileRef = 00F9BB671D56020D00063A9F /* AppUser.swift */; };
		00F9BB6B1D5614E800063A9F /* AppFunc.swift in Sources */ = {isa = PBXBuildFile; fileRef = 00F9BB6A1D5614E800063A9F /* AppFunc.swift */; };
		9FAC2BC3563E391A4B46E8FB /* libPods-Credit-Me.a in Frameworks */ = {isa = PBXBuildFile; fileRef = 60849E8A5FB40E109AC753A8 /* libPods-Credit-Me.a */; };
/* End PBXBuildFile section */

/* Begin PBXFileReference section */
		0026E1AD1D347D5500FC74F4 /* MeViewController.swift */ = {isa = PBXFileReference; fileEncoding = 4; lastKnownFileType = sourcecode.swift; path = MeViewController.swift; sourceTree = "<group>"; };
		002B5A3E1D571F79001CE5E5 /* Deal.swift */ = {isa = PBXFileReference; fileEncoding = 4; lastKnownFileType = sourcecode.swift; path = Deal.swift; sourceTree = "<group>"; };
		002B5A401D571FFF001CE5E5 /* Offer.swift */ = {isa = PBXFileReference; fileEncoding = 4; lastKnownFileType = sourcecode.swift; path = Offer.swift; sourceTree = "<group>"; };
		002B5A421D57200C001CE5E5 /* Order.swift */ = {isa = PBXFileReference; fileEncoding = 4; lastKnownFileType = sourcecode.swift; path = Order.swift; sourceTree = "<group>"; };
		002B5A461D5720AB001CE5E5 /* Location.swift */ = {isa = PBXFileReference; fileEncoding = 4; lastKnownFileType = sourcecode.swift; path = Location.swift; sourceTree = "<group>"; };
		002B5A481D57216E001CE5E5 /* Food.swift */ = {isa = PBXFileReference; fileEncoding = 4; lastKnownFileType = sourcecode.swift; path = Food.swift; sourceTree = "<group>"; };
		002B5A4A1D5721F5001CE5E5 /* Eatery.swift */ = {isa = PBXFileReference; fileEncoding = 4; lastKnownFileType = sourcecode.swift; path = Eatery.swift; sourceTree = "<group>"; };
		002B5A4C1D57235D001CE5E5 /* DealObject.swift */ = {isa = PBXFileReference; fileEncoding = 4; lastKnownFileType = sourcecode.swift; path = DealObject.swift; sourceTree = "<group>"; };
		002B5A4E1D57240A001CE5E5 /* HalfDeal.swift */ = {isa = PBXFileReference; fileEncoding = 4; lastKnownFileType = sourcecode.swift; path = HalfDeal.swift; sourceTree = "<group>"; };
		002B5A501D57250A001CE5E5 /* HalfDealObject.swift */ = {isa = PBXFileReference; fileEncoding = 4; lastKnownFileType = sourcecode.swift; path = HalfDealObject.swift; sourceTree = "<group>"; };
		002B5A521D572D2C001CE5E5 /* market@2x.png */ = {isa = PBXFileReference; lastKnownFileType = image.png; path = "market@2x.png"; sourceTree = "<group>"; };
		002B5A531D572D2C001CE5E5 /* me@2x.png */ = {isa = PBXFileReference; lastKnownFileType = image.png; path = "me@2x.png"; sourceTree = "<group>"; };
		002B5A541D572D2C001CE5E5 /* orders@2x.png */ = {isa = PBXFileReference; lastKnownFileType = image.png; path = "orders@2x.png"; sourceTree = "<group>"; };
		002B5A551D572D2C001CE5E5 /* sell@2x.png */ = {isa = PBXFileReference; lastKnownFileType = image.png; path = "sell@2x.png"; sourceTree = "<group>"; };
		002B5A561D572D2C001CE5E5 /* buy@2x.png */ = {isa = PBXFileReference; lastKnownFileType = image.png; path = "buy@2x.png"; sourceTree = "<group>"; };
		008075C61D346C2B00D6DEC5 /* Credit-Me.app */ = {isa = PBXFileReference; explicitFileType = wrapper.application; includeInIndex = 0; path = "Credit-Me.app"; sourceTree = BUILT_PRODUCTS_DIR; };
		008075C91D346C2B00D6DEC5 /* AppDelegate.swift */ = {isa = PBXFileReference; lastKnownFileType = sourcecode.swift; path = AppDelegate.swift; sourceTree = "<group>"; };
		008075CB1D346C2B00D6DEC5 /* MarketViewController.swift */ = {isa = PBXFileReference; lastKnownFileType = sourcecode.swift; path = MarketViewController.swift; sourceTree = "<group>"; };
		008075CD1D346C2B00D6DEC5 /* BuyViewController.swift */ = {isa = PBXFileReference; lastKnownFileType = sourcecode.swift; path = BuyViewController.swift; sourceTree = "<group>"; };
		008075D01D346C2B00D6DEC5 /* Base */ = {isa = PBXFileReference; lastKnownFileType = file.storyboard; name = Base; path = Base.lproj/Main.storyboard; sourceTree = "<group>"; };
		008075D21D346C2B00D6DEC5 /* Assets.xcassets */ = {isa = PBXFileReference; lastKnownFileType = folder.assetcatalog; path = Assets.xcassets; sourceTree = "<group>"; };
		008075D51D346C2B00D6DEC5 /* Base */ = {isa = PBXFileReference; lastKnownFileType = file.storyboard; name = Base; path = Base.lproj/LaunchScreen.storyboard; sourceTree = "<group>"; };
		008075D71D346C2B00D6DEC5 /* Info.plist */ = {isa = PBXFileReference; lastKnownFileType = text.plist.xml; path = Info.plist; sourceTree = "<group>"; };
		008075DD1D346DEF00D6DEC5 /* GoogleService-Info.plist */ = {isa = PBXFileReference; fileEncoding = 4; lastKnownFileType = text.plist.xml; path = "GoogleService-Info.plist"; sourceTree = "<group>"; };
		008075DF1D34704A00D6DEC5 /* LoginViewController.swift */ = {isa = PBXFileReference; fileEncoding = 4; lastKnownFileType = sourcecode.swift; path = LoginViewController.swift; sourceTree = "<group>"; };
		008075E21D34710C00D6DEC5 /* AppConstants.swift */ = {isa = PBXFileReference; fileEncoding = 4; lastKnownFileType = sourcecode.swift; path = AppConstants.swift; sourceTree = "<group>"; };
		008075E51D3471C500D6DEC5 /* 404.jpg */ = {isa = PBXFileReference; lastKnownFileType = image.jpeg; path = 404.jpg; sourceTree = "<group>"; };
		008075E61D3471C500D6DEC5 /* andrews.png */ = {isa = PBXFileReference; lastKnownFileType = image.png; path = andrews.png; sourceTree = "<group>"; };
		008075E71D3471C500D6DEC5 /* back.png */ = {isa = PBXFileReference; lastKnownFileType = image.png; path = back.png; sourceTree = "<group>"; };
		008075E81D3471C500D6DEC5 /* bg_1.png */ = {isa = PBXFileReference; lastKnownFileType = image.png; path = bg_1.png; sourceTree = "<group>"; };
		008075E91D3471C500D6DEC5 /* blueroom.png */ = {isa = PBXFileReference; lastKnownFileType = image.png; path = blueroom.png; sourceTree = "<group>"; };
		008075EB1D3471C500D6DEC5 /* center_new.jpeg */ = {isa = PBXFileReference; lastKnownFileType = image.jpeg; path = center_new.jpeg; sourceTree = "<group>"; };
		008075EC1D3471C500D6DEC5 /* center.png */ = {isa = PBXFileReference; lastKnownFileType = image.png; path = center.png; sourceTree = "<group>"; };
		008075ED1D3471C500D6DEC5 /* click.png */ = {isa = PBXFileReference; lastKnownFileType = image.png; path = click.png; sourceTree = "<group>"; };
		008075EE1D3471C500D6DEC5 /* clock.png */ = {isa = PBXFileReference; lastKnownFileType = image.png; path = clock.png; sourceTree = "<group>"; };
		008075EF1D3471C500D6DEC5 /* confirm.png */ = {isa = PBXFileReference; lastKnownFileType = image.png; path = confirm.png; sourceTree = "<group>"; };
		008075F01D3471C500D6DEC5 /* deliver.png */ = {isa = PBXFileReference; lastKnownFileType = image.png; path = deliver.png; sourceTree = "<group>"; };
		008075F11D3471C500D6DEC5 /* ivyroom.png */ = {isa = PBXFileReference; lastKnownFileType = image.png; path = ivyroom.png; sourceTree = "<group>"; };
		008075F21D3471C500D6DEC5 /* johs.png */ = {isa = PBXFileReference; lastKnownFileType = image.png; path = johs.png; sourceTree = "<group>"; };
		008075F31D3471C500D6DEC5 /* map.png */ = {isa = PBXFileReference; lastKnownFileType = image.png; path = map.png; sourceTree = "<group>"; };
		008075F61D3471C500D6DEC5 /* meet.png */ = {isa = PBXFileReference; lastKnownFileType = image.png; path = meet.png; sourceTree = "<group>"; };
		008075F71D3471C500D6DEC5 /* north_new.jpeg */ = {isa = PBXFileReference; lastKnownFileType = image.jpeg; path = north_new.jpeg; sourceTree = "<group>"; };
		008075F81D3471C500D6DEC5 /* north_new.png */ = {isa = PBXFileReference; lastKnownFileType = image.png; path = north_new.png; sourceTree = "<group>"; };
		008075F91D3471C500D6DEC5 /* north.png */ = {isa = PBXFileReference; lastKnownFileType = image.png; path = north.png; sourceTree = "<group>"; };
		008075FB1D3471C500D6DEC5 /* ratty.png */ = {isa = PBXFileReference; lastKnownFileType = image.png; path = ratty.png; sourceTree = "<group>"; };
		008075FC1D3471C500D6DEC5 /* sell_deliver.png */ = {isa = PBXFileReference; lastKnownFileType = image.png; path = sell_deliver.png; sourceTree = "<group>"; };
		008075FD1D3471C500D6DEC5 /* sell_meet.png */ = {isa = PBXFileReference; lastKnownFileType = image.png; path = sell_meet.png; sourceTree = "<group>"; };
		008075FF1D3471C500D6DEC5 /* south_new.jpeg */ = {isa = PBXFileReference; lastKnownFileType = image.jpeg; path = south_new.jpeg; sourceTree = "<group>"; };
		008076001D3471C500D6DEC5 /* south.png */ = {isa = PBXFileReference; lastKnownFileType = image.png; path = south.png; sourceTree = "<group>"; };
		008076011D3471C500D6DEC5 /* vdub.png */ = {isa = PBXFileReference; lastKnownFileType = image.png; path = vdub.png; sourceTree = "<group>"; };
		008076201D34780700D6DEC5 /* AppStatus.swift */ = {isa = PBXFileReference; fileEncoding = 4; lastKnownFileType = sourcecode.swift; path = AppStatus.swift; sourceTree = "<group>"; };
		00B7CB6D1D385C9C00779792 /* Credit-Me.entitlements */ = {isa = PBXFileReference; lastKnownFileType = text.xml; path = "Credit-Me.entitlements"; sourceTree = "<group>"; };
		00F9BB671D56020D00063A9F /* AppUser.swift */ = {isa = PBXFileReference; fileEncoding = 4; lastKnownFileType = sourcecode.swift; path = AppUser.swift; sourceTree = "<group>"; };
		00F9BB6A1D5614E800063A9F /* AppFunc.swift */ = {isa = PBXFileReference; fileEncoding = 4; lastKnownFileType = sourcecode.swift; path = AppFunc.swift; sourceTree = "<group>"; };
		60849E8A5FB40E109AC753A8 /* libPods-Credit-Me.a */ = {isa = PBXFileReference; explicitFileType = archive.ar; includeInIndex = 0; path = "libPods-Credit-Me.a"; sourceTree = BUILT_PRODUCTS_DIR; };
		6397378CD7F36FC37AB79E90 /* Pods-Credit-Me.release.xcconfig */ = {isa = PBXFileReference; includeInIndex = 1; lastKnownFileType = text.xcconfig; name = "Pods-Credit-Me.release.xcconfig"; path = "Pods/Target Support Files/Pods-Credit-Me/Pods-Credit-Me.release.xcconfig"; sourceTree = "<group>"; };
		7F9481984AD432A0AA224028 /* Pods-Credit-Me.debug.xcconfig */ = {isa = PBXFileReference; includeInIndex = 1; lastKnownFileType = text.xcconfig; name = "Pods-Credit-Me.debug.xcconfig"; path = "Pods/Target Support Files/Pods-Credit-Me/Pods-Credit-Me.debug.xcconfig"; sourceTree = "<group>"; };
/* End PBXFileReference section */

/* Begin PBXFrameworksBuildPhase section */
		008075C31D346C2B00D6DEC5 /* Frameworks */ = {
			isa = PBXFrameworksBuildPhase;
			buildActionMask = 2147483647;
			files = (
				9FAC2BC3563E391A4B46E8FB /* libPods-Credit-Me.a in Frameworks */,
			);
			runOnlyForDeploymentPostprocessing = 0;
		};
/* End PBXFrameworksBuildPhase section */

/* Begin PBXGroup section */
		002B5A441D572086001CE5E5 /* deal */ = {
			isa = PBXGroup;
			children = (
				002B5A3E1D571F79001CE5E5 /* Deal.swift */,
				002B5A4C1D57235D001CE5E5 /* DealObject.swift */,
				002B5A4E1D57240A001CE5E5 /* HalfDeal.swift */,
				002B5A501D57250A001CE5E5 /* HalfDealObject.swift */,
				002B5A401D571FFF001CE5E5 /* Offer.swift */,
				002B5A421D57200C001CE5E5 /* Order.swift */,
			);
			name = deal;
			sourceTree = "<group>";
		};
		002B5A451D572097001CE5E5 /* locationfood */ = {
			isa = PBXGroup;
			children = (
				002B5A461D5720AB001CE5E5 /* Location.swift */,
				002B5A481D57216E001CE5E5 /* Food.swift */,
				002B5A4A1D5721F5001CE5E5 /* Eatery.swift */,
			);
			name = locationfood;
			sourceTree = "<group>";
		};
		008075BD1D346C2B00D6DEC5 = {
			isa = PBXGroup;
			children = (
				008075DD1D346DEF00D6DEC5 /* GoogleService-Info.plist */,
				008075C81D346C2B00D6DEC5 /* Credit-Me */,
				008075C71D346C2B00D6DEC5 /* Products */,
				E72DB4F5F4C546CABEDD4F3C /* Pods */,
				8842EB3728DF0EDE44C12978 /* Frameworks */,
			);
			sourceTree = "<group>";
		};
		008075C71D346C2B00D6DEC5 /* Products */ = {
			isa = PBXGroup;
			children = (
				008075C61D346C2B00D6DEC5 /* Credit-Me.app */,
			);
			name = Products;
			sourceTree = "<group>";
		};
		008075C81D346C2B00D6DEC5 /* Credit-Me */ = {
			isa = PBXGroup;
			children = (
				00F9BB691D56126400063A9F /* model */,
				00B7CB6D1D385C9C00779792 /* Credit-Me.entitlements */,
				008075E41D34716F00D6DEC5 /* Media */,
				008075E11D3470F800D6DEC5 /* AppGlobal */,
				008075C91D346C2B00D6DEC5 /* AppDelegate.swift */,
				008075CB1D346C2B00D6DEC5 /* MarketViewController.swift */,
				008075CD1D346C2B00D6DEC5 /* BuyViewController.swift */,
				008075CF1D346C2B00D6DEC5 /* Main.storyboard */,
				0026E1AD1D347D5500FC74F4 /* MeViewController.swift */,
				008075DF1D34704A00D6DEC5 /* LoginViewController.swift */,
				008075D21D346C2B00D6DEC5 /* Assets.xcassets */,
				008075D41D346C2B00D6DEC5 /* LaunchScreen.storyboard */,
				008075D71D346C2B00D6DEC5 /* Info.plist */,
			);
			path = "Credit-Me";
			sourceTree = "<group>";
		};
		008075E11D3470F800D6DEC5 /* AppGlobal */ = {
			isa = PBXGroup;
			children = (
				008075E21D34710C00D6DEC5 /* AppConstants.swift */,
				008076201D34780700D6DEC5 /* AppStatus.swift */,
				00F9BB6A1D5614E800063A9F /* AppFunc.swift */,
			);
			name = AppGlobal;
			sourceTree = "<group>";
		};
		008075E41D34716F00D6DEC5 /* Media */ = {
			isa = PBXGroup;
			children = (
				002B5A521D572D2C001CE5E5 /* market@2x.png */,
				002B5A531D572D2C001CE5E5 /* me@2x.png */,
				002B5A541D572D2C001CE5E5 /* orders@2x.png */,
				002B5A551D572D2C001CE5E5 /* sell@2x.png */,
				002B5A561D572D2C001CE5E5 /* buy@2x.png */,
				008075E51D3471C500D6DEC5 /* 404.jpg */,
				008075E61D3471C500D6DEC5 /* andrews.png */,
				008075E71D3471C500D6DEC5 /* back.png */,
				008075E81D3471C500D6DEC5 /* bg_1.png */,
				008075E91D3471C500D6DEC5 /* blueroom.png */,
				008075EB1D3471C500D6DEC5 /* center_new.jpeg */,
				008075EC1D3471C500D6DEC5 /* center.png */,
				008075ED1D3471C500D6DEC5 /* click.png */,
				008075EE1D3471C500D6DEC5 /* clock.png */,
				008075EF1D3471C500D6DEC5 /* confirm.png */,
				008075F01D3471C500D6DEC5 /* deliver.png */,
				008075F11D3471C500D6DEC5 /* ivyroom.png */,
				008075F21D3471C500D6DEC5 /* johs.png */,
				008075F31D3471C500D6DEC5 /* map.png */,
				008075F61D3471C500D6DEC5 /* meet.png */,
				008075F71D3471C500D6DEC5 /* north_new.jpeg */,
				008075F81D3471C500D6DEC5 /* north_new.png */,
				008075F91D3471C500D6DEC5 /* north.png */,
				008075FB1D3471C500D6DEC5 /* ratty.png */,
				008075FC1D3471C500D6DEC5 /* sell_deliver.png */,
				008075FD1D3471C500D6DEC5 /* sell_meet.png */,
				008075FF1D3471C500D6DEC5 /* south_new.jpeg */,
				008076001D3471C500D6DEC5 /* south.png */,
				008076011D3471C500D6DEC5 /* vdub.png */,
			);
			name = Media;
			sourceTree = "<group>";
		};
		00F9BB691D56126400063A9F /* model */ = {
			isa = PBXGroup;
			children = (
				002B5A451D572097001CE5E5 /* locationfood */,
				00F9BB671D56020D00063A9F /* AppUser.swift */,
				002B5A441D572086001CE5E5 /* deal */,
			);
			name = model;
			sourceTree = "<group>";
		};
		8842EB3728DF0EDE44C12978 /* Frameworks */ = {
			isa = PBXGroup;
			children = (
				60849E8A5FB40E109AC753A8 /* libPods-Credit-Me.a */,
			);
			name = Frameworks;
			sourceTree = "<group>";
		};
		E72DB4F5F4C546CABEDD4F3C /* Pods */ = {
			isa = PBXGroup;
			children = (
				7F9481984AD432A0AA224028 /* Pods-Credit-Me.debug.xcconfig */,
				6397378CD7F36FC37AB79E90 /* Pods-Credit-Me.release.xcconfig */,
			);
			name = Pods;
			sourceTree = "<group>";
		};
/* End PBXGroup section */

/* Begin PBXNativeTarget section */
		008075C51D346C2B00D6DEC5 /* Credit-Me */ = {
			isa = PBXNativeTarget;
			buildConfigurationList = 008075DA1D346C2B00D6DEC5 /* Build configuration list for PBXNativeTarget "Credit-Me" */;
			buildPhases = (
				1252224544634182AC4D48EF /* [CP] Check Pods Manifest.lock */,
				008075C21D346C2B00D6DEC5 /* Sources */,
				008075C31D346C2B00D6DEC5 /* Frameworks */,
				008075C41D346C2B00D6DEC5 /* Resources */,
				C05C94238B8EBEB4C8E3EB63 /* [CP] Embed Pods Frameworks */,
				16EAC210588453833B791832 /* [CP] Copy Pods Resources */,
			);
			buildRules = (
			);
			dependencies = (
			);
			name = "Credit-Me";
			productName = "Credit-Me";
			productReference = 008075C61D346C2B00D6DEC5 /* Credit-Me.app */;
			productType = "com.apple.product-type.application";
		};
/* End PBXNativeTarget section */

/* Begin PBXProject section */
		008075BE1D346C2B00D6DEC5 /* Project object */ = {
			isa = PBXProject;
			attributes = {
				LastSwiftUpdateCheck = 0800;
				LastUpgradeCheck = 0800;
				ORGANIZATIONNAME = "Bill Yu";
				TargetAttributes = {
					008075C51D346C2B00D6DEC5 = {
						CreatedOnToolsVersion = 8.0;
						DevelopmentTeam = 2B844QKHM6;
						DevelopmentTeamName = "Han Yu";
						ProvisioningStyle = Automatic;
						SystemCapabilities = {
							com.apple.Keychain = {
								enabled = 1;
							};
							com.apple.Push = {
								enabled = 0;
							};
						};
					};
				};
			};
			buildConfigurationList = 008075C11D346C2B00D6DEC5 /* Build configuration list for PBXProject "Credit-Me" */;
			compatibilityVersion = "Xcode 3.2";
			developmentRegion = English;
			hasScannedForEncodings = 0;
			knownRegions = (
				en,
				Base,
			);
			mainGroup = 008075BD1D346C2B00D6DEC5;
			productRefGroup = 008075C71D346C2B00D6DEC5 /* Products */;
			projectDirPath = "";
			projectRoot = "";
			targets = (
				008075C51D346C2B00D6DEC5 /* Credit-Me */,
			);
		};
/* End PBXProject section */

/* Begin PBXResourcesBuildPhase section */
		008075C41D346C2B00D6DEC5 /* Resources */ = {
			isa = PBXResourcesBuildPhase;
			buildActionMask = 2147483647;
			files = (
				0080760E1D3471C500D6DEC5 /* ivyroom.png in Resources */,
				008076181D3471C500D6DEC5 /* ratty.png in Resources */,
				008076131D3471C500D6DEC5 /* meet.png in Resources */,
				002B5A591D572D2C001CE5E5 /* orders@2x.png in Resources */,
				008076031D3471C500D6DEC5 /* andrews.png in Resources */,
				002B5A5B1D572D2C001CE5E5 /* buy@2x.png in Resources */,
				008076191D3471C500D6DEC5 /* sell_deliver.png in Resources */,
				008076151D3471C500D6DEC5 /* north_new.png in Resources */,
				008076021D3471C500D6DEC5 /* 404.jpg in Resources */,
				008075D61D346C2B00D6DEC5 /* LaunchScreen.storyboard in Resources */,
				008075D31D346C2B00D6DEC5 /* Assets.xcassets in Resources */,
				0080761C1D3471C500D6DEC5 /* south_new.jpeg in Resources */,
				008076051D3471C500D6DEC5 /* bg_1.png in Resources */,
				0080761D1D3471C500D6DEC5 /* south.png in Resources */,
				0080760A1D3471C500D6DEC5 /* click.png in Resources */,
				008076141D3471C500D6DEC5 /* north_new.jpeg in Resources */,
				008076041D3471C500D6DEC5 /* back.png in Resources */,
				008076101D3471C500D6DEC5 /* map.png in Resources */,
				002B5A571D572D2C001CE5E5 /* market@2x.png in Resources */,
				0080761E1D3471C500D6DEC5 /* vdub.png in Resources */,
				0080760C1D3471C500D6DEC5 /* confirm.png in Resources */,
				0080761A1D3471C500D6DEC5 /* sell_meet.png in Resources */,
				0080760D1D3471C500D6DEC5 /* deliver.png in Resources */,
				0080760F1D3471C500D6DEC5 /* johs.png in Resources */,
				008076061D3471C500D6DEC5 /* blueroom.png in Resources */,
				002B5A5A1D572D2C001CE5E5 /* sell@2x.png in Resources */,
				008075DE1D346DEF00D6DEC5 /* GoogleService-Info.plist in Resources */,
				002B5A581D572D2C001CE5E5 /* me@2x.png in Resources */,
				008076081D3471C500D6DEC5 /* center_new.jpeg in Resources */,
				008076091D3471C500D6DEC5 /* center.png in Resources */,
				008076161D3471C500D6DEC5 /* north.png in Resources */,
				0080760B1D3471C500D6DEC5 /* clock.png in Resources */,
				008075D11D346C2B00D6DEC5 /* Main.storyboard in Resources */,
			);
			runOnlyForDeploymentPostprocessing = 0;
		};
/* End PBXResourcesBuildPhase section */

/* Begin PBXShellScriptBuildPhase section */
		1252224544634182AC4D48EF /* [CP] Check Pods Manifest.lock */ = {
			isa = PBXShellScriptBuildPhase;
			buildActionMask = 2147483647;
			files = (
			);
			inputPaths = (
			);
			name = "[CP] Check Pods Manifest.lock";
			outputPaths = (
			);
			runOnlyForDeploymentPostprocessing = 0;
			shellPath = /bin/sh;
			shellScript = "diff \"${PODS_ROOT}/../Podfile.lock\" \"${PODS_ROOT}/Manifest.lock\" > /dev/null\nif [[ $? != 0 ]] ; then\n    cat << EOM\nerror: The sandbox is not in sync with the Podfile.lock. Run 'pod install' or update your CocoaPods installation.\nEOM\n    exit 1\nfi\n";
			showEnvVarsInLog = 0;
		};
		16EAC210588453833B791832 /* [CP] Copy Pods Resources */ = {
			isa = PBXShellScriptBuildPhase;
			buildActionMask = 2147483647;
			files = (
			);
			inputPaths = (
			);
			name = "[CP] Copy Pods Resources";
			outputPaths = (
			);
			runOnlyForDeploymentPostprocessing = 0;
			shellPath = /bin/sh;
			shellScript = "\"${SRCROOT}/Pods/Target Support Files/Pods-Credit-Me/Pods-Credit-Me-resources.sh\"\n";
			showEnvVarsInLog = 0;
		};
		C05C94238B8EBEB4C8E3EB63 /* [CP] Embed Pods Frameworks */ = {
			isa = PBXShellScriptBuildPhase;
			buildActionMask = 2147483647;
			files = (
			);
			inputPaths = (
			);
			name = "[CP] Embed Pods Frameworks";
			outputPaths = (
			);
			runOnlyForDeploymentPostprocessing = 0;
			shellPath = /bin/sh;
			shellScript = "\"${SRCROOT}/Pods/Target Support Files/Pods-Credit-Me/Pods-Credit-Me-frameworks.sh\"\n";
			showEnvVarsInLog = 0;
		};
/* End PBXShellScriptBuildPhase section */

/* Begin PBXSourcesBuildPhase section */
		008075C21D346C2B00D6DEC5 /* Sources */ = {
			isa = PBXSourcesBuildPhase;
			buildActionMask = 2147483647;
			files = (
				008075E01D34704A00D6DEC5 /* LoginViewController.swift in Sources */,
				0026E1AE1D347D5500FC74F4 /* MeViewController.swift in Sources */,
				008075CE1D346C2B00D6DEC5 /* BuyViewController.swift in Sources */,
				002B5A4B1D5721F5001CE5E5 /* Eatery.swift in Sources */,
				008075CA1D346C2B00D6DEC5 /* AppDelegate.swift in Sources */,
				00F9BB681D56020D00063A9F /* AppUser.swift in Sources */,
				002B5A4F1D57240A001CE5E5 /* HalfDeal.swift in Sources */,
				008076211D34780700D6DEC5 /* AppStatus.swift in Sources */,
				002B5A471D5720AB001CE5E5 /* Location.swift in Sources */,
				002B5A4D1D57235D001CE5E5 /* DealObject.swift in Sources */,
				002B5A491D57216E001CE5E5 /* Food.swift in Sources */,
				002B5A431D57200C001CE5E5 /* Order.swift in Sources */,
				00F9BB6B1D5614E800063A9F /* AppFunc.swift in Sources */,
				002B5A511D57250A001CE5E5 /* HalfDealObject.swift in Sources */,
				002B5A411D571FFF001CE5E5 /* Offer.swift in Sources */,
				002B5A3F1D571F79001CE5E5 /* Deal.swift in Sources */,
				008075CC1D346C2B00D6DEC5 /* MarketViewController.swift in Sources */,
				008075E31D34710C00D6DEC5 /* AppConstants.swift in Sources */,
			);
			runOnlyForDeploymentPostprocessing = 0;
		};
/* End PBXSourcesBuildPhase section */

/* Begin PBXVariantGroup section */
		008075CF1D346C2B00D6DEC5 /* Main.storyboard */ = {
			isa = PBXVariantGroup;
			children = (
				008075D01D346C2B00D6DEC5 /* Base */,
			);
			name = Main.storyboard;
			sourceTree = "<group>";
		};
		008075D41D346C2B00D6DEC5 /* LaunchScreen.storyboard */ = {
			isa = PBXVariantGroup;
			children = (
				008075D51D346C2B00D6DEC5 /* Base */,
			);
			name = LaunchScreen.storyboard;
			sourceTree = "<group>";
		};
/* End PBXVariantGroup section */

/* Begin XCBuildConfiguration section */
		008075D81D346C2B00D6DEC5 /* Debug */ = {
			isa = XCBuildConfiguration;
			buildSettings = {
				ALWAYS_SEARCH_USER_PATHS = NO;
				CLANG_ANALYZER_NONNULL = YES;
				CLANG_CXX_LANGUAGE_STANDARD = "gnu++0x";
				CLANG_CXX_LIBRARY = "libc++";
				CLANG_ENABLE_MODULES = YES;
				CLANG_ENABLE_OBJC_ARC = YES;
				CLANG_WARN_BOOL_CONVERSION = YES;
				CLANG_WARN_CONSTANT_CONVERSION = YES;
				CLANG_WARN_DIRECT_OBJC_ISA_USAGE = YES_ERROR;
				CLANG_WARN_DOCUMENTATION_COMMENTS = YES;
				CLANG_WARN_EMPTY_BODY = YES;
				CLANG_WARN_ENUM_CONVERSION = YES;
				CLANG_WARN_INT_CONVERSION = YES;
				CLANG_WARN_OBJC_ROOT_CLASS = YES_ERROR;
				CLANG_WARN_UNREACHABLE_CODE = YES;
				CLANG_WARN__DUPLICATE_METHOD_MATCH = YES;
				"CODE_SIGN_IDENTITY[sdk=iphoneos*]" = "iPhone Developer";
				COPY_PHASE_STRIP = NO;
				DEBUG_INFORMATION_FORMAT = dwarf;
				ENABLE_STRICT_OBJC_MSGSEND = YES;
				ENABLE_TESTABILITY = YES;
				GCC_C_LANGUAGE_STANDARD = gnu99;
				GCC_DYNAMIC_NO_PIC = NO;
				GCC_NO_COMMON_BLOCKS = YES;
				GCC_OPTIMIZATION_LEVEL = 0;
				GCC_PREPROCESSOR_DEFINITIONS = (
					"DEBUG=1",
					"$(inherited)",
				);
				GCC_WARN_64_TO_32_BIT_CONVERSION = YES;
				GCC_WARN_ABOUT_RETURN_TYPE = YES_ERROR;
				GCC_WARN_UNDECLARED_SELECTOR = YES;
				GCC_WARN_UNINITIALIZED_AUTOS = YES_AGGRESSIVE;
				GCC_WARN_UNUSED_FUNCTION = YES;
				GCC_WARN_UNUSED_VARIABLE = YES;
				IPHONEOS_DEPLOYMENT_TARGET = 10.0;
				MTL_ENABLE_DEBUG_INFO = YES;
				ONLY_ACTIVE_ARCH = YES;
				SDKROOT = iphoneos;
				SWIFT_ACTIVE_COMPILATION_CONDITIONS = DEBUG;
				SWIFT_OPTIMIZATION_LEVEL = "-Onone";
				TARGETED_DEVICE_FAMILY = "1,2";
			};
			name = Debug;
		};
		008075D91D346C2B00D6DEC5 /* Release */ = {
			isa = XCBuildConfiguration;
			buildSettings = {
				ALWAYS_SEARCH_USER_PATHS = NO;
				CLANG_ANALYZER_NONNULL = YES;
				CLANG_CXX_LANGUAGE_STANDARD = "gnu++0x";
				CLANG_CXX_LIBRARY = "libc++";
				CLANG_ENABLE_MODULES = YES;
				CLANG_ENABLE_OBJC_ARC = YES;
				CLANG_WARN_BOOL_CONVERSION = YES;
				CLANG_WARN_CONSTANT_CONVERSION = YES;
				CLANG_WARN_DIRECT_OBJC_ISA_USAGE = YES_ERROR;
				CLANG_WARN_DOCUMENTATION_COMMENTS = YES;
				CLANG_WARN_EMPTY_BODY = YES;
				CLANG_WARN_ENUM_CONVERSION = YES;
				CLANG_WARN_INT_CONVERSION = YES;
				CLANG_WARN_OBJC_ROOT_CLASS = YES_ERROR;
				CLANG_WARN_UNREACHABLE_CODE = YES;
				CLANG_WARN__DUPLICATE_METHOD_MATCH = YES;
				"CODE_SIGN_IDENTITY[sdk=iphoneos*]" = "iPhone Developer";
				COPY_PHASE_STRIP = NO;
				DEBUG_INFORMATION_FORMAT = "dwarf-with-dsym";
				ENABLE_NS_ASSERTIONS = NO;
				ENABLE_STRICT_OBJC_MSGSEND = YES;
				GCC_C_LANGUAGE_STANDARD = gnu99;
				GCC_NO_COMMON_BLOCKS = YES;
				GCC_WARN_64_TO_32_BIT_CONVERSION = YES;
				GCC_WARN_ABOUT_RETURN_TYPE = YES_ERROR;
				GCC_WARN_UNDECLARED_SELECTOR = YES;
				GCC_WARN_UNINITIALIZED_AUTOS = YES_AGGRESSIVE;
				GCC_WARN_UNUSED_FUNCTION = YES;
				GCC_WARN_UNUSED_VARIABLE = YES;
				IPHONEOS_DEPLOYMENT_TARGET = 10.0;
				MTL_ENABLE_DEBUG_INFO = NO;
				SDKROOT = iphoneos;
				SWIFT_OPTIMIZATION_LEVEL = "-Owholemodule";
				TARGETED_DEVICE_FAMILY = "1,2";
				VALIDATE_PRODUCT = YES;
			};
			name = Release;
		};
		008075DB1D346C2B00D6DEC5 /* Debug */ = {
			isa = XCBuildConfiguration;
			baseConfigurationReference = 7F9481984AD432A0AA224028 /* Pods-Credit-Me.debug.xcconfig */;
			buildSettings = {
				ASSETCATALOG_COMPILER_APPICON_NAME = AppIcon;
				CODE_SIGN_ENTITLEMENTS = "Credit-Me/Credit-Me.entitlements";
				INFOPLIST_FILE = "Credit-Me/Info.plist";
				IPHONEOS_DEPLOYMENT_TARGET = 9.0;
				LD_RUNPATH_SEARCH_PATHS = "$(inherited) @executable_path/Frameworks";
				PRODUCT_BUNDLE_IDENTIFIER = "com.billyu.Credit-Me";
				PRODUCT_NAME = "$(TARGET_NAME)";
				SWIFT_OBJC_BRIDGING_HEADER = "";
				SWIFT_VERSION = 3.0;
			};
			name = Debug;
		};
		008075DC1D346C2B00D6DEC5 /* Release */ = {
			isa = XCBuildConfiguration;
			baseConfigurationReference = 6397378CD7F36FC37AB79E90 /* Pods-Credit-Me.release.xcconfig */;
			buildSettings = {
				ASSETCATALOG_COMPILER_APPICON_NAME = AppIcon;
				CODE_SIGN_ENTITLEMENTS = "Credit-Me/Credit-Me.entitlements";
				INFOPLIST_FILE = "Credit-Me/Info.plist";
				IPHONEOS_DEPLOYMENT_TARGET = 9.0;
				LD_RUNPATH_SEARCH_PATHS = "$(inherited) @executable_path/Frameworks";
				PRODUCT_BUNDLE_IDENTIFIER = "com.billyu.Credit-Me";
				PRODUCT_NAME = "$(TARGET_NAME)";
				SWIFT_OBJC_BRIDGING_HEADER = "";
				SWIFT_VERSION = 3.0;
			};
			name = Release;
		};
/* End XCBuildConfiguration section */

/* Begin XCConfigurationList section */
		008075C11D346C2B00D6DEC5 /* Build configuration list for PBXProject "Credit-Me" */ = {
			isa = XCConfigurationList;
			buildConfigurations = (
				008075D81D346C2B00D6DEC5 /* Debug */,
				008075D91D346C2B00D6DEC5 /* Release */,
			);
			defaultConfigurationIsVisible = 0;
			defaultConfigurationName = Release;
		};
		008075DA1D346C2B00D6DEC5 /* Build configuration list for PBXNativeTarget "Credit-Me" */ = {
			isa = XCConfigurationList;
			buildConfigurations = (
				008075DB1D346C2B00D6DEC5 /* Debug */,
				008075DC1D346C2B00D6DEC5 /* Release */,
			);
			defaultConfigurationIsVisible = 0;
			defaultConfigurationName = Release;
		};
/* End XCConfigurationList section */
	};
	rootObject = 008075BE1D346C2B00D6DEC5 /* Project object */;
}
